// !$*UTF8*$!
{
	archiveVersion = 1;
	classes = {
	};
	objectVersion = 50;
	objects = {

/* Begin PBXBuildFile section */
		633AF1BB23C488DC82610FA7 /* Pods_LecDemo.framework in Frameworks */ = {isa = PBXBuildFile; fileRef = 5D1B310494070095D9D7A277 /* Pods_LecDemo.framework */; };
		6DAFBC4E23828CB100691E51 /* AppDelegate.swift in Sources */ = {isa = PBXBuildFile; fileRef = 6DAFBC4D23828CB100691E51 /* AppDelegate.swift */; };
		6DAFBC5023828CB100691E51 /* SceneDelegate.swift in Sources */ = {isa = PBXBuildFile; fileRef = 6DAFBC4F23828CB100691E51 /* SceneDelegate.swift */; };
		6DAFBC5223828CB100691E51 /* ViewController.swift in Sources */ = {isa = PBXBuildFile; fileRef = 6DAFBC5123828CB100691E51 /* ViewController.swift */; };
		6DAFBC5523828CB100691E51 /* Main.storyboard in Resources */ = {isa = PBXBuildFile; fileRef = 6DAFBC5323828CB100691E51 /* Main.storyboard */; };
		6DAFBC5723828CB200691E51 /* Assets.xcassets in Resources */ = {isa = PBXBuildFile; fileRef = 6DAFBC5623828CB200691E51 /* Assets.xcassets */; };
		6DAFBC5A23828CB200691E51 /* LaunchScreen.storyboard in Resources */ = {isa = PBXBuildFile; fileRef = 6DAFBC5823828CB200691E51 /* LaunchScreen.storyboard */; };
/* End PBXBuildFile section */

/* Begin PBXFileReference section */
		59E5215D572A7EC35B058D3A /* Pods-LecDemo.release.xcconfig */ = {isa = PBXFileReference; includeInIndex = 1; lastKnownFileType = text.xcconfig; name = "Pods-LecDemo.release.xcconfig"; path = "Target Support Files/Pods-LecDemo/Pods-LecDemo.release.xcconfig"; sourceTree = "<group>"; };
		5D1B310494070095D9D7A277 /* Pods_LecDemo.framework */ = {isa = PBXFileReference; explicitFileType = wrapper.framework; includeInIndex = 0; path = Pods_LecDemo.framework; sourceTree = BUILT_PRODUCTS_DIR; };
		6DAFBC4A23828CB100691E51 /* LecDemo.app */ = {isa = PBXFileReference; explicitFileType = wrapper.application; includeInIndex = 0; path = LecDemo.app; sourceTree = BUILT_PRODUCTS_DIR; };
		6DAFBC4D23828CB100691E51 /* AppDelegate.swift */ = {isa = PBXFileReference; lastKnownFileType = sourcecode.swift; path = AppDelegate.swift; sourceTree = "<group>"; };
		6DAFBC4F23828CB100691E51 /* SceneDelegate.swift */ = {isa = PBXFileReference; lastKnownFileType = sourcecode.swift; path = SceneDelegate.swift; sourceTree = "<group>"; };
		6DAFBC5123828CB100691E51 /* ViewController.swift */ = {isa = PBXFileReference; lastKnownFileType = sourcecode.swift; path = ViewController.swift; sourceTree = "<group>"; };
		6DAFBC5423828CB100691E51 /* Base */ = {isa = PBXFileReference; lastKnownFileType = file.storyboard; name = Base; path = Base.lproj/Main.storyboard; sourceTree = "<group>"; };
		6DAFBC5623828CB200691E51 /* Assets.xcassets */ = {isa = PBXFileReference; lastKnownFileType = folder.assetcatalog; path = Assets.xcassets; sourceTree = "<group>"; };
		6DAFBC5923828CB200691E51 /* Base */ = {isa = PBXFileReference; lastKnownFileType = file.storyboard; name = Base; path = Base.lproj/LaunchScreen.storyboard; sourceTree = "<group>"; };
		6DAFBC5B23828CB200691E51 /* Info.plist */ = {isa = PBXFileReference; lastKnownFileType = text.plist.xml; path = Info.plist; sourceTree = "<group>"; };
		B1186FB8A28E705719F2E838 /* Pods-LecDemo.debug.xcconfig */ = {isa = PBXFileReference; includeInIndex = 1; lastKnownFileType = text.xcconfig; name = "Pods-LecDemo.debug.xcconfig"; path = "Target Support Files/Pods-LecDemo/Pods-LecDemo.debug.xcconfig"; sourceTree = "<group>"; };
/* End PBXFileReference section */

/* Begin PBXFrameworksBuildPhase section */
		6DAFBC4723828CB100691E51 /* Frameworks */ = {
			isa = PBXFrameworksBuildPhase;
			buildActionMask = 2147483647;
			files = (
				633AF1BB23C488DC82610FA7 /* Pods_LecDemo.framework in Frameworks */,
			);
			runOnlyForDeploymentPostprocessing = 0;
		};
/* End PBXFrameworksBuildPhase section */

/* Begin PBXGroup section */
		5F43F718D0C29A21379F8B6A /* Frameworks */ = {
			isa = PBXGroup;
			children = (
				5D1B310494070095D9D7A277 /* Pods_LecDemo.framework */,
			);
			name = Frameworks;
			sourceTree = "<group>";
		};
		6DAFBC4123828CB100691E51 = {
			isa = PBXGroup;
			children = (
				6DAFBC4C23828CB100691E51 /* LecDemo */,
				6DAFBC4B23828CB100691E51 /* Products */,
				AD4D44E3F01B9FFEEC7CACB9 /* Pods */,
				5F43F718D0C29A21379F8B6A /* Frameworks */,
			);
			sourceTree = "<group>";
		};
		6DAFBC4B23828CB100691E51 /* Products */ = {
			isa = PBXGroup;
			children = (
				6DAFBC4A23828CB100691E51 /* LecDemo.app */,
			);
			name = Products;
			sourceTree = "<group>";
		};
		6DAFBC4C23828CB100691E51 /* LecDemo */ = {
			isa = PBXGroup;
			children = (
				6DAFBC4D23828CB100691E51 /* AppDelegate.swift */,
				6DAFBC4F23828CB100691E51 /* SceneDelegate.swift */,
				6DAFBC5123828CB100691E51 /* ViewController.swift */,
				6DAFBC5323828CB100691E51 /* Main.storyboard */,
				6DAFBC5623828CB200691E51 /* Assets.xcassets */,
				6DAFBC5823828CB200691E51 /* LaunchScreen.storyboard */,
				6DAFBC5B23828CB200691E51 /* Info.plist */,
			);
			path = LecDemo;
			sourceTree = "<group>";
		};
		AD4D44E3F01B9FFEEC7CACB9 /* Pods */ = {
			isa = PBXGroup;
			children = (
				B1186FB8A28E705719F2E838 /* Pods-LecDemo.debug.xcconfig */,
				59E5215D572A7EC35B058D3A /* Pods-LecDemo.release.xcconfig */,
			);
			name = Pods;
			path = Pods;
			sourceTree = "<group>";
		};
/* End PBXGroup section */

/* Begin PBXNativeTarget section */
		6DAFBC4923828CB100691E51 /* LecDemo */ = {
			isa = PBXNativeTarget;
			buildConfigurationList = 6DAFBC5E23828CB200691E51 /* Build configuration list for PBXNativeTarget "LecDemo" */;
			buildPhases = (
				6A210DDD45DAE0A673268EBE /* [CP] Check Pods Manifest.lock */,
				6DAFBC4623828CB100691E51 /* Sources */,
				6DAFBC4723828CB100691E51 /* Frameworks */,
				6DAFBC4823828CB100691E51 /* Resources */,
				5A4B71DB4DC90AD0671D1471 /* [CP] Embed Pods Frameworks */,
			);
			buildRules = (
			);
			dependencies = (
			);
			name = LecDemo;
			productName = LecDemo;
			productReference = 6DAFBC4A23828CB100691E51 /* LecDemo.app */;
			productType = "com.apple.product-type.application";
		};
/* End PBXNativeTarget section */

/* Begin PBXProject section */
		6DAFBC4223828CB100691E51 /* Project object */ = {
			isa = PBXProject;
			attributes = {
				LastSwiftUpdateCheck = 1120;
				LastUpgradeCheck = 1120;
				ORGANIZATIONNAME = hackeru;
				TargetAttributes = {
					6DAFBC4923828CB100691E51 = {
						CreatedOnToolsVersion = 11.2.1;
					};
				};
			};
			buildConfigurationList = 6DAFBC4523828CB100691E51 /* Build configuration list for PBXProject "LecDemo" */;
			compatibilityVersion = "Xcode 9.3";
			developmentRegion = en;
			hasScannedForEncodings = 0;
			knownRegions = (
				en,
				Base,
			);
			mainGroup = 6DAFBC4123828CB100691E51;
			productRefGroup = 6DAFBC4B23828CB100691E51 /* Products */;
			projectDirPath = "";
			projectRoot = "";
			targets = (
				6DAFBC4923828CB100691E51 /* LecDemo */,
			);
		};
/* End PBXProject section */

/* Begin PBXResourcesBuildPhase section */
		6DAFBC4823828CB100691E51 /* Resources */ = {
			isa = PBXResourcesBuildPhase;
			buildActionMask = 2147483647;
			files = (
				6DAFBC5A23828CB200691E51 /* LaunchScreen.storyboard in Resources */,
				6DAFBC5723828CB200691E51 /* Assets.xcassets in Resources */,
				6DAFBC5523828CB100691E51 /* Main.storyboard in Resources */,
			);
			runOnlyForDeploymentPostprocessing = 0;
		};
/* End PBXResourcesBuildPhase section */

/* Begin PBXShellScriptBuildPhase section */
		5A4B71DB4DC90AD0671D1471 /* [CP] Embed Pods Frameworks */ = {
			isa = PBXShellScriptBuildPhase;
			buildActionMask = 2147483647;
			files = (
			);
			inputFileListPaths = (
				"${PODS_ROOT}/Target Support Files/Pods-LecDemo/Pods-LecDemo-frameworks-${CONFIGURATION}-input-files.xcfilelist",
			);
			name = "[CP] Embed Pods Frameworks";
			outputFileListPaths = (
				"${PODS_ROOT}/Target Support Files/Pods-LecDemo/Pods-LecDemo-frameworks-${CONFIGURATION}-output-files.xcfilelist",
			);
			runOnlyForDeploymentPostprocessing = 0;
			shellPath = /bin/sh;
			shellScript = "\"${PODS_ROOT}/Target Support Files/Pods-LecDemo/Pods-LecDemo-frameworks.sh\"\n";
			showEnvVarsInLog = 0;
		};
		6A210DDD45DAE0A673268EBE /* [CP] Check Pods Manifest.lock */ = {
			isa = PBXShellScriptBuildPhase;
			buildActionMask = 2147483647;
			files = (
			);
			inputFileListPaths = (
			);
			inputPaths = (
				"${PODS_PODFILE_DIR_PATH}/Podfile.lock",
				"${PODS_ROOT}/Manifest.lock",
			);
			name = "[CP] Check Pods Manifest.lock";
			outputFileListPaths = (
			);
			outputPaths = (
				"$(DERIVED_FILE_DIR)/Pods-LecDemo-checkManifestLockResult.txt",
			);
			runOnlyForDeploymentPostprocessing = 0;
			shellPath = /bin/sh;
			shellScript = "diff \"${PODS_PODFILE_DIR_PATH}/Podfile.lock\" \"${PODS_ROOT}/Manifest.lock\" > /dev/null\nif [ $? != 0 ] ; then\n    # print error to STDERR\n    echo \"error: The sandbox is not in sync with the Podfile.lock. Run 'pod install' or update your CocoaPods installation.\" >&2\n    exit 1\nfi\n# This output is used by Xcode 'outputs' to avoid re-running this script phase.\necho \"SUCCESS\" > \"${SCRIPT_OUTPUT_FILE_0}\"\n";
			showEnvVarsInLog = 0;
		};
/* End PBXShellScriptBuildPhase section */

/* Begin PBXSourcesBuildPhase section */
		6DAFBC4623828CB100691E51 /* Sources */ = {
			isa = PBXSourcesBuildPhase;
			buildActionMask = 2147483647;
			files = (
				6DAFBC5223828CB100691E51 /* ViewController.swift in Sources */,
				6DAFBC4E23828CB100691E51 /* AppDelegate.swift in Sources */,
				6DAFBC5023828CB100691E51 /* SceneDelegate.swift in Sources */,
			);
			runOnlyForDeploymentPostprocessing = 0;
		};
/* End PBXSourcesBuildPhase section */

/* Begin PBXVariantGroup section */
		6DAFBC5323828CB100691E51 /* Main.storyboard */ = {
			isa = PBXVariantGroup;
			children = (
				6DAFBC5423828CB100691E51 /* Base */,
			);
			name = Main.storyboard;
			sourceTree = "<group>";
		};
		6DAFBC5823828CB200691E51 /* LaunchScreen.storyboard */ = {
			isa = PBXVariantGroup;
			children = (
				6DAFBC5923828CB200691E51 /* Base */,
			);
			name = LaunchScreen.storyboard;
			sourceTree = "<group>";
		};
/* End PBXVariantGroup section */

/* Begin XCBuildConfiguration section */
		6DAFBC5C23828CB200691E51 /* Debug */ = {
			isa = XCBuildConfiguration;
			buildSettings = {
				ALWAYS_SEARCH_USER_PATHS = NO;
				CLANG_ANALYZER_NONNULL = YES;
				CLANG_ANALYZER_NUMBER_OBJECT_CONVERSION = YES_AGGRESSIVE;
				CLANG_CXX_LANGUAGE_STANDARD = "gnu++14";
				CLANG_CXX_LIBRARY = "libc++";
				CLANG_ENABLE_MODULES = YES;
				CLANG_ENABLE_OBJC_ARC = YES;
				CLANG_ENABLE_OBJC_WEAK = YES;
				CLANG_WARN_BLOCK_CAPTURE_AUTORELEASING = YES;
				CLANG_WARN_BOOL_CONVERSION = YES;
				CLANG_WARN_COMMA = YES;
				CLANG_WARN_CONSTANT_CONVERSION = YES;
				CLANG_WARN_DEPRECATED_OBJC_IMPLEMENTATIONS = YES;
				CLANG_WARN_DIRECT_OBJC_ISA_USAGE = YES_ERROR;
				CLANG_WARN_DOCUMENTATION_COMMENTS = YES;
				CLANG_WARN_EMPTY_BODY = YES;
				CLANG_WARN_ENUM_CONVERSION = YES;
				CLANG_WARN_INFINITE_RECURSION = YES;
				CLANG_WARN_INT_CONVERSION = YES;
				CLANG_WARN_NON_LITERAL_NULL_CONVERSION = YES;
				CLANG_WARN_OBJC_IMPLICIT_RETAIN_SELF = YES;
				CLANG_WARN_OBJC_LITERAL_CONVERSION = YES;
				CLANG_WARN_OBJC_ROOT_CLASS = YES_ERROR;
				CLANG_WARN_RANGE_LOOP_ANALYSIS = YES;
				CLANG_WARN_STRICT_PROTOTYPES = YES;
				CLANG_WARN_SUSPICIOUS_MOVE = YES;
				CLANG_WARN_UNGUARDED_AVAILABILITY = YES_AGGRESSIVE;
				CLANG_WARN_UNREACHABLE_CODE = YES;
				CLANG_WARN__DUPLICATE_METHOD_MATCH = YES;
				COPY_PHASE_STRIP = NO;
				DEBUG_INFORMATION_FORMAT = dwarf;
				ENABLE_STRICT_OBJC_MSGSEND = YES;
				ENABLE_TESTABILITY = YES;
				GCC_C_LANGUAGE_STANDARD = gnu11;
				GCC_DYNAMIC_NO_PIC = NO;
				GCC_NO_COMMON_BLOCKS = YES;
				GCC_OPTIMIZATION_LEVEL = 0;
				GCC_PREPROCESSOR_DEFINITIONS = (
					"DEBUG=1",
					"$(inherited)",
				);
				GCC_WARN_64_TO_32_BIT_CONVERSION = YES;
				GCC_WARN_ABOUT_RETURN_TYPE = YES_ERROR;
				GCC_WARN_UNDECLARED_SELECTOR = YES;
				GCC_WARN_UNINITIALIZED_AUTOS = YES_AGGRESSIVE;
				GCC_WARN_UNUSED_FUNCTION = YES;
				GCC_WARN_UNUSED_VARIABLE = YES;
				IPHONEOS_DEPLOYMENT_TARGET = 13.2;
				MTL_ENABLE_DEBUG_INFO = INCLUDE_SOURCE;
				MTL_FAST_MATH = YES;
				ONLY_ACTIVE_ARCH = YES;
				SDKROOT = iphoneos;
				SWIFT_ACTIVE_COMPILATION_CONDITIONS = DEBUG;
				SWIFT_OPTIMIZATION_LEVEL = "-Onone";
			};
			name = Debug;
		};
		6DAFBC5D23828CB200691E51 /* Release */ = {
			isa = XCBuildConfiguration;
			buildSettings = {
				ALWAYS_SEARCH_USER_PATHS = NO;
				CLANG_ANALYZER_NONNULL = YES;
				CLANG_ANALYZER_NUMBER_OBJECT_CONVERSION = YES_AGGRESSIVE;
				CLANG_CXX_LANGUAGE_STANDARD = "gnu++14";
				CLANG_CXX_LIBRARY = "libc++";
				CLANG_ENABLE_MODULES = YES;
				CLANG_ENABLE_OBJC_ARC = YES;
				CLANG_ENABLE_OBJC_WEAK = YES;
				CLANG_WARN_BLOCK_CAPTURE_AUTORELEASING = YES;
				CLANG_WARN_BOOL_CONVERSION = YES;
				CLANG_WARN_COMMA = YES;
				CLANG_WARN_CONSTANT_CONVERSION = YES;
				CLANG_WARN_DEPRECATED_OBJC_IMPLEMENTATIONS = YES;
				CLANG_WARN_DIRECT_OBJC_ISA_USAGE = YES_ERROR;
				CLANG_WARN_DOCUMENTATION_COMMENTS = YES;
				CLANG_WARN_EMPTY_BODY = YES;
				CLANG_WARN_ENUM_CONVERSION = YES;
				CLANG_WARN_INFINITE_RECURSION = YES;
				CLANG_WARN_INT_CONVERSION = YES;
				CLANG_WARN_NON_LITERAL_NULL_CONVERSION = YES;
				CLANG_WARN_OBJC_IMPLICIT_RETAIN_SELF = YES;
				CLANG_WARN_OBJC_LITERAL_CONVERSION = YES;
				CLANG_WARN_OBJC_ROOT_CLASS = YES_ERROR;
				CLANG_WARN_RANGE_LOOP_ANALYSIS = YES;
				CLANG_WARN_STRICT_PROTOTYPES = YES;
				CLANG_WARN_SUSPICIOUS_MOVE = YES;
				CLANG_WARN_UNGUARDED_AVAILABILITY = YES_AGGRESSIVE;
				CLANG_WARN_UNREACHABLE_CODE = YES;
				CLANG_WARN__DUPLICATE_METHOD_MATCH = YES;
				COPY_PHASE_STRIP = NO;
				DEBUG_INFORMATION_FORMAT = "dwarf-with-dsym";
				ENABLE_NS_ASSERTIONS = NO;
				ENABLE_STRICT_OBJC_MSGSEND = YES;
				GCC_C_LANGUAGE_STANDARD = gnu11;
				GCC_NO_COMMON_BLOCKS = YES;
				GCC_WARN_64_TO_32_BIT_CONVERSION = YES;
				GCC_WARN_ABOUT_RETURN_TYPE = YES_ERROR;
				GCC_WARN_UNDECLARED_SELECTOR = YES;
				GCC_WARN_UNINITIALIZED_AUTOS = YES_AGGRESSIVE;
				GCC_WARN_UNUSED_FUNCTION = YES;
				GCC_WARN_UNUSED_VARIABLE = YES;
				IPHONEOS_DEPLOYMENT_TARGET = 13.2;
				MTL_ENABLE_DEBUG_INFO = NO;
				MTL_FAST_MATH = YES;
				SDKROOT = iphoneos;
				SWIFT_COMPILATION_MODE = wholemodule;
				SWIFT_OPTIMIZATION_LEVEL = "-O";
				VALIDATE_PRODUCT = YES;
			};
			name = Release;
		};
		6DAFBC5F23828CB200691E51 /* Debug */ = {
			isa = XCBuildConfiguration;
			baseConfigurationReference = B1186FB8A28E705719F2E838 /* Pods-LecDemo.debug.xcconfig */;
			buildSettings = {
				ASSETCATALOG_COMPILER_APPICON_NAME = AppIcon;
				CODE_SIGN_STYLE = Automatic;
				INFOPLIST_FILE = LecDemo/Info.plist;
				LD_RUNPATH_SEARCH_PATHS = (
					"$(inherited)",
					"@executable_path/Frameworks",
				);
				PRODUCT_BUNDLE_IDENTIFIER = com.hackeru.LecDemo;
				PRODUCT_NAME = "$(TARGET_NAME)";
				SWIFT_VERSION = 5.0;
				TARGETED_DEVICE_FAMILY = "1,2";
			};
			name = Debug;
		};
		6DAFBC6023828CB200691E51 /* Release */ = {
			isa = XCBuildConfiguration;
			baseConfigurationReference = 59E5215D572A7EC35B058D3A /* Pods-LecDemo.release.xcconfig */;
			buildSettings = {
				ASSETCATALOG_COMPILER_APPICON_NAME = AppIcon;
				CODE_SIGN_STYLE = Automatic;
				INFOPLIST_FILE = LecDemo/Info.plist;
				LD_RUNPATH_SEARCH_PATHS = (
					"$(inherited)",
					"@executable_path/Frameworks",
				);
				PRODUCT_BUNDLE_IDENTIFIER = com.hackeru.LecDemo;
				PRODUCT_NAME = "$(TARGET_NAME)";
				SWIFT_VERSION = 5.0;
				TARGETED_DEVICE_FAMILY = "1,2";
			};
			name = Release;
		};
/* End XCBuildConfiguration section */

/* Begin XCConfigurationList section */
		6DAFBC4523828CB100691E51 /* Build configuration list for PBXProject "LecDemo" */ = {
			isa = XCConfigurationList;
			buildConfigurations = (
				6DAFBC5C23828CB200691E51 /* Debug */,
				6DAFBC5D23828CB200691E51 /* Release */,
			);
			defaultConfigurationIsVisible = 0;
			defaultConfigurationName = Release;
		};
		6DAFBC5E23828CB200691E51 /* Build configuration list for PBXNativeTarget "LecDemo" */ = {
			isa = XCConfigurationList;
			buildConfigurations = (
				6DAFBC5F23828CB200691E51 /* Debug */,
				6DAFBC6023828CB200691E51 /* Release */,
			);
			defaultConfigurationIsVisible = 0;
			defaultConfigurationName = Release;
		};
/* End XCConfigurationList section */
	};
	rootObject = 6DAFBC4223828CB100691E51 /* Project object */;
}
