// !$*UTF8*$!
{
	archiveVersion = 1;
	classes = {
	};
	objectVersion = 50;
	objects = {

/* Begin PBXBuildFile section */
		24AAEB928E05223FD6762A6E /* Pods_Lec9.framework in Frameworks */ = {isa = PBXBuildFile; fileRef = 8B34B01B5247E67F40AB7D3C /* Pods_Lec9.framework */; };
		6D1A361D237D72CA00704002 /* MovieResponse.swift in Sources */ = {isa = PBXBuildFile; fileRef = 6D1A361C237D72CA00704002 /* MovieResponse.swift */; };
		6D1A361F237D8BE400704002 /* TvCollectionViewcontrollerCollectionViewController.swift in Sources */ = {isa = PBXBuildFile; fileRef = 6D1A361E237D8BE400704002 /* TvCollectionViewcontrollerCollectionViewController.swift */; };
		6D1A3621237D991600704002 /* TVCollectionViewCell.swift in Sources */ = {isa = PBXBuildFile; fileRef = 6D1A3620237D991600704002 /* TVCollectionViewCell.swift */; };
		6D608139237D3F550039C513 /* AppDelegate.swift in Sources */ = {isa = PBXBuildFile; fileRef = 6D608138237D3F550039C513 /* AppDelegate.swift */; };
		6D60813B237D3F550039C513 /* SceneDelegate.swift in Sources */ = {isa = PBXBuildFile; fileRef = 6D60813A237D3F550039C513 /* SceneDelegate.swift */; };
		6D60813D237D3F550039C513 /* ViewController.swift in Sources */ = {isa = PBXBuildFile; fileRef = 6D60813C237D3F550039C513 /* ViewController.swift */; };
		6D608140237D3F550039C513 /* Main.storyboard in Resources */ = {isa = PBXBuildFile; fileRef = 6D60813E237D3F550039C513 /* Main.storyboard */; };
		6D608142237D3F580039C513 /* Assets.xcassets in Resources */ = {isa = PBXBuildFile; fileRef = 6D608141237D3F580039C513 /* Assets.xcassets */; };
		6D608145237D3F580039C513 /* LaunchScreen.storyboard in Resources */ = {isa = PBXBuildFile; fileRef = 6D608143237D3F580039C513 /* LaunchScreen.storyboard */; };
		6D60814D237D3FA90039C513 /* TMDBDataSource.swift in Sources */ = {isa = PBXBuildFile; fileRef = 6D60814C237D3FA90039C513 /* TMDBDataSource.swift */; };
/* End PBXBuildFile section */

/* Begin PBXFileReference section */
		6D1A361C237D72CA00704002 /* MovieResponse.swift */ = {isa = PBXFileReference; lastKnownFileType = sourcecode.swift; path = MovieResponse.swift; sourceTree = "<group>"; };
		6D1A361E237D8BE400704002 /* TvCollectionViewcontrollerCollectionViewController.swift */ = {isa = PBXFileReference; lastKnownFileType = sourcecode.swift; path = TvCollectionViewcontrollerCollectionViewController.swift; sourceTree = "<group>"; };
		6D1A3620237D991600704002 /* TVCollectionViewCell.swift */ = {isa = PBXFileReference; lastKnownFileType = sourcecode.swift; path = TVCollectionViewCell.swift; sourceTree = "<group>"; };
		6D608135237D3F550039C513 /* Lec9.app */ = {isa = PBXFileReference; explicitFileType = wrapper.application; includeInIndex = 0; path = Lec9.app; sourceTree = BUILT_PRODUCTS_DIR; };
		6D608138237D3F550039C513 /* AppDelegate.swift */ = {isa = PBXFileReference; lastKnownFileType = sourcecode.swift; path = AppDelegate.swift; sourceTree = "<group>"; };
		6D60813A237D3F550039C513 /* SceneDelegate.swift */ = {isa = PBXFileReference; lastKnownFileType = sourcecode.swift; path = SceneDelegate.swift; sourceTree = "<group>"; };
		6D60813C237D3F550039C513 /* ViewController.swift */ = {isa = PBXFileReference; lastKnownFileType = sourcecode.swift; path = ViewController.swift; sourceTree = "<group>"; };
		6D60813F237D3F550039C513 /* Base */ = {isa = PBXFileReference; lastKnownFileType = file.storyboard; name = Base; path = Base.lproj/Main.storyboard; sourceTree = "<group>"; };
		6D608141237D3F580039C513 /* Assets.xcassets */ = {isa = PBXFileReference; lastKnownFileType = folder.assetcatalog; path = Assets.xcassets; sourceTree = "<group>"; };
		6D608144237D3F580039C513 /* Base */ = {isa = PBXFileReference; lastKnownFileType = file.storyboard; name = Base; path = Base.lproj/LaunchScreen.storyboard; sourceTree = "<group>"; };
		6D608146237D3F580039C513 /* Info.plist */ = {isa = PBXFileReference; lastKnownFileType = text.plist.xml; path = Info.plist; sourceTree = "<group>"; };
		6D60814C237D3FA90039C513 /* TMDBDataSource.swift */ = {isa = PBXFileReference; lastKnownFileType = sourcecode.swift; path = TMDBDataSource.swift; sourceTree = "<group>"; };
		6D60814E237D48A90039C513 /* Play.playground */ = {isa = PBXFileReference; lastKnownFileType = file.playground; path = Play.playground; sourceTree = "<group>"; xcLanguageSpecificationIdentifier = xcode.lang.swift; };
		72AEF2807E4965DF5F14C5DB /* Pods-Lec9.debug.xcconfig */ = {isa = PBXFileReference; includeInIndex = 1; lastKnownFileType = text.xcconfig; name = "Pods-Lec9.debug.xcconfig"; path = "Target Support Files/Pods-Lec9/Pods-Lec9.debug.xcconfig"; sourceTree = "<group>"; };
		8B34B01B5247E67F40AB7D3C /* Pods_Lec9.framework */ = {isa = PBXFileReference; explicitFileType = wrapper.framework; includeInIndex = 0; path = Pods_Lec9.framework; sourceTree = BUILT_PRODUCTS_DIR; };
		F17CB14E83EA8790A6AD0E17 /* Pods-Lec9.release.xcconfig */ = {isa = PBXFileReference; includeInIndex = 1; lastKnownFileType = text.xcconfig; name = "Pods-Lec9.release.xcconfig"; path = "Target Support Files/Pods-Lec9/Pods-Lec9.release.xcconfig"; sourceTree = "<group>"; };
/* End PBXFileReference section */

/* Begin PBXFrameworksBuildPhase section */
		6D608132237D3F550039C513 /* Frameworks */ = {
			isa = PBXFrameworksBuildPhase;
			buildActionMask = 2147483647;
			files = (
				24AAEB928E05223FD6762A6E /* Pods_Lec9.framework in Frameworks */,
			);
			runOnlyForDeploymentPostprocessing = 0;
		};
/* End PBXFrameworksBuildPhase section */

/* Begin PBXGroup section */
		6D60812C237D3F550039C513 = {
			isa = PBXGroup;
			children = (
				6D608137237D3F550039C513 /* Lec9 */,
				6D608136237D3F550039C513 /* Products */,
				E1D48DEF448664C5F74BD5FB /* Pods */,
				B83CF477D1EA041BC91F6FE7 /* Frameworks */,
			);
			sourceTree = "<group>";
		};
		6D608136237D3F550039C513 /* Products */ = {
			isa = PBXGroup;
			children = (
				6D608135237D3F550039C513 /* Lec9.app */,
			);
			name = Products;
			sourceTree = "<group>";
		};
		6D608137237D3F550039C513 /* Lec9 */ = {
			isa = PBXGroup;
			children = (
				6D608138237D3F550039C513 /* AppDelegate.swift */,
				6D60813A237D3F550039C513 /* SceneDelegate.swift */,
				6D60813C237D3F550039C513 /* ViewController.swift */,
				6D60813E237D3F550039C513 /* Main.storyboard */,
				6D608141237D3F580039C513 /* Assets.xcassets */,
				6D608143237D3F580039C513 /* LaunchScreen.storyboard */,
				6D608146237D3F580039C513 /* Info.plist */,
				6D60814C237D3FA90039C513 /* TMDBDataSource.swift */,
				6D60814E237D48A90039C513 /* Play.playground */,
				6D1A361C237D72CA00704002 /* MovieResponse.swift */,
				6D1A361E237D8BE400704002 /* TvCollectionViewcontrollerCollectionViewController.swift */,
				6D1A3620237D991600704002 /* TVCollectionViewCell.swift */,
			);
			path = Lec9;
			sourceTree = "<group>";
		};
		B83CF477D1EA041BC91F6FE7 /* Frameworks */ = {
			isa = PBXGroup;
			children = (
				8B34B01B5247E67F40AB7D3C /* Pods_Lec9.framework */,
			);
			name = Frameworks;
			sourceTree = "<group>";
		};
		E1D48DEF448664C5F74BD5FB /* Pods */ = {
			isa = PBXGroup;
			children = (
				72AEF2807E4965DF5F14C5DB /* Pods-Lec9.debug.xcconfig */,
				F17CB14E83EA8790A6AD0E17 /* Pods-Lec9.release.xcconfig */,
			);
			name = Pods;
			path = Pods;
			sourceTree = "<group>";
		};
/* End PBXGroup section */

/* Begin PBXNativeTarget section */
		6D608134237D3F550039C513 /* Lec9 */ = {
			isa = PBXNativeTarget;
			buildConfigurationList = 6D608149237D3F580039C513 /* Build configuration list for PBXNativeTarget "Lec9" */;
			buildPhases = (
				9FAE20569F6A3D5D55D1B2D8 /* [CP] Check Pods Manifest.lock */,
				6D608131237D3F550039C513 /* Sources */,
				6D608132237D3F550039C513 /* Frameworks */,
				6D608133237D3F550039C513 /* Resources */,
				892986A16FAA628D0F6BE507 /* [CP] Embed Pods Frameworks */,
			);
			buildRules = (
			);
			dependencies = (
			);
			name = Lec9;
			productName = Lec9;
			productReference = 6D608135237D3F550039C513 /* Lec9.app */;
			productType = "com.apple.product-type.application";
		};
/* End PBXNativeTarget section */

/* Begin PBXProject section */
		6D60812D237D3F550039C513 /* Project object */ = {
			isa = PBXProject;
			attributes = {
				LastSwiftUpdateCheck = 1120;
				LastUpgradeCheck = 1120;
				ORGANIZATIONNAME = hackeru;
				TargetAttributes = {
					6D608134237D3F550039C513 = {
						CreatedOnToolsVersion = 11.2.1;
					};
				};
			};
			buildConfigurationList = 6D608130237D3F550039C513 /* Build configuration list for PBXProject "Lec9" */;
			compatibilityVersion = "Xcode 9.3";
			developmentRegion = en;
			hasScannedForEncodings = 0;
			knownRegions = (
				en,
				Base,
			);
			mainGroup = 6D60812C237D3F550039C513;
			productRefGroup = 6D608136237D3F550039C513 /* Products */;
			projectDirPath = "";
			projectRoot = "";
			targets = (
				6D608134237D3F550039C513 /* Lec9 */,
			);
		};
/* End PBXProject section */

/* Begin PBXResourcesBuildPhase section */
		6D608133237D3F550039C513 /* Resources */ = {
			isa = PBXResourcesBuildPhase;
			buildActionMask = 2147483647;
			files = (
				6D608145237D3F580039C513 /* LaunchScreen.storyboard in Resources */,
				6D608142237D3F580039C513 /* Assets.xcassets in Resources */,
				6D608140237D3F550039C513 /* Main.storyboard in Resources */,
			);
			runOnlyForDeploymentPostprocessing = 0;
		};
/* End PBXResourcesBuildPhase section */

/* Begin PBXShellScriptBuildPhase section */
		892986A16FAA628D0F6BE507 /* [CP] Embed Pods Frameworks */ = {
			isa = PBXShellScriptBuildPhase;
			buildActionMask = 2147483647;
			files = (
			);
			inputFileListPaths = (
				"${PODS_ROOT}/Target Support Files/Pods-Lec9/Pods-Lec9-frameworks-${CONFIGURATION}-input-files.xcfilelist",
			);
			name = "[CP] Embed Pods Frameworks";
			outputFileListPaths = (
				"${PODS_ROOT}/Target Support Files/Pods-Lec9/Pods-Lec9-frameworks-${CONFIGURATION}-output-files.xcfilelist",
			);
			runOnlyForDeploymentPostprocessing = 0;
			shellPath = /bin/sh;
			shellScript = "\"${PODS_ROOT}/Target Support Files/Pods-Lec9/Pods-Lec9-frameworks.sh\"\n";
			showEnvVarsInLog = 0;
		};
		9FAE20569F6A3D5D55D1B2D8 /* [CP] Check Pods Manifest.lock */ = {
			isa = PBXShellScriptBuildPhase;
			buildActionMask = 2147483647;
			files = (
			);
			inputFileListPaths = (
			);
			inputPaths = (
				"${PODS_PODFILE_DIR_PATH}/Podfile.lock",
				"${PODS_ROOT}/Manifest.lock",
			);
			name = "[CP] Check Pods Manifest.lock";
			outputFileListPaths = (
			);
			outputPaths = (
				"$(DERIVED_FILE_DIR)/Pods-Lec9-checkManifestLockResult.txt",
			);
			runOnlyForDeploymentPostprocessing = 0;
			shellPath = /bin/sh;
			shellScript = "diff \"${PODS_PODFILE_DIR_PATH}/Podfile.lock\" \"${PODS_ROOT}/Manifest.lock\" > /dev/null\nif [ $? != 0 ] ; then\n    # print error to STDERR\n    echo \"error: The sandbox is not in sync with the Podfile.lock. Run 'pod install' or update your CocoaPods installation.\" >&2\n    exit 1\nfi\n# This output is used by Xcode 'outputs' to avoid re-running this script phase.\necho \"SUCCESS\" > \"${SCRIPT_OUTPUT_FILE_0}\"\n";
			showEnvVarsInLog = 0;
		};
/* End PBXShellScriptBuildPhase section */

/* Begin PBXSourcesBuildPhase section */
		6D608131237D3F550039C513 /* Sources */ = {
			isa = PBXSourcesBuildPhase;
			buildActionMask = 2147483647;
			files = (
				6D60813D237D3F550039C513 /* ViewController.swift in Sources */,
				6D1A361D237D72CA00704002 /* MovieResponse.swift in Sources */,
				6D60814D237D3FA90039C513 /* TMDBDataSource.swift in Sources */,
				6D1A361F237D8BE400704002 /* TvCollectionViewcontrollerCollectionViewController.swift in Sources */,
				6D608139237D3F550039C513 /* AppDelegate.swift in Sources */,
				6D60813B237D3F550039C513 /* SceneDelegate.swift in Sources */,
				6D1A3621237D991600704002 /* TVCollectionViewCell.swift in Sources */,
			);
			runOnlyForDeploymentPostprocessing = 0;
		};
/* End PBXSourcesBuildPhase section */

/* Begin PBXVariantGroup section */
		6D60813E237D3F550039C513 /* Main.storyboard */ = {
			isa = PBXVariantGroup;
			children = (
				6D60813F237D3F550039C513 /* Base */,
			);
			name = Main.storyboard;
			sourceTree = "<group>";
		};
		6D608143237D3F580039C513 /* LaunchScreen.storyboard */ = {
			isa = PBXVariantGroup;
			children = (
				6D608144237D3F580039C513 /* Base */,
			);
			name = LaunchScreen.storyboard;
			sourceTree = "<group>";
		};
/* End PBXVariantGroup section */

/* Begin XCBuildConfiguration section */
		6D608147237D3F580039C513 /* Debug */ = {
			isa = XCBuildConfiguration;
			buildSettings = {
				ALWAYS_SEARCH_USER_PATHS = NO;
				CLANG_ANALYZER_NONNULL = YES;
				CLANG_ANALYZER_NUMBER_OBJECT_CONVERSION = YES_AGGRESSIVE;
				CLANG_CXX_LANGUAGE_STANDARD = "gnu++14";
				CLANG_CXX_LIBRARY = "libc++";
				CLANG_ENABLE_MODULES = YES;
				CLANG_ENABLE_OBJC_ARC = YES;
				CLANG_ENABLE_OBJC_WEAK = YES;
				CLANG_WARN_BLOCK_CAPTURE_AUTORELEASING = YES;
				CLANG_WARN_BOOL_CONVERSION = YES;
				CLANG_WARN_COMMA = YES;
				CLANG_WARN_CONSTANT_CONVERSION = YES;
				CLANG_WARN_DEPRECATED_OBJC_IMPLEMENTATIONS = YES;
				CLANG_WARN_DIRECT_OBJC_ISA_USAGE = YES_ERROR;
				CLANG_WARN_DOCUMENTATION_COMMENTS = YES;
				CLANG_WARN_EMPTY_BODY = YES;
				CLANG_WARN_ENUM_CONVERSION = YES;
				CLANG_WARN_INFINITE_RECURSION = YES;
				CLANG_WARN_INT_CONVERSION = YES;
				CLANG_WARN_NON_LITERAL_NULL_CONVERSION = YES;
				CLANG_WARN_OBJC_IMPLICIT_RETAIN_SELF = YES;
				CLANG_WARN_OBJC_LITERAL_CONVERSION = YES;
				CLANG_WARN_OBJC_ROOT_CLASS = YES_ERROR;
				CLANG_WARN_RANGE_LOOP_ANALYSIS = YES;
				CLANG_WARN_STRICT_PROTOTYPES = YES;
				CLANG_WARN_SUSPICIOUS_MOVE = YES;
				CLANG_WARN_UNGUARDED_AVAILABILITY = YES_AGGRESSIVE;
				CLANG_WARN_UNREACHABLE_CODE = YES;
				CLANG_WARN__DUPLICATE_METHOD_MATCH = YES;
				COPY_PHASE_STRIP = NO;
				DEBUG_INFORMATION_FORMAT = dwarf;
				ENABLE_STRICT_OBJC_MSGSEND = YES;
				ENABLE_TESTABILITY = YES;
				GCC_C_LANGUAGE_STANDARD = gnu11;
				GCC_DYNAMIC_NO_PIC = NO;
				GCC_NO_COMMON_BLOCKS = YES;
				GCC_OPTIMIZATION_LEVEL = 0;
				GCC_PREPROCESSOR_DEFINITIONS = (
					"DEBUG=1",
					"$(inherited)",
				);
				GCC_WARN_64_TO_32_BIT_CONVERSION = YES;
				GCC_WARN_ABOUT_RETURN_TYPE = YES_ERROR;
				GCC_WARN_UNDECLARED_SELECTOR = YES;
				GCC_WARN_UNINITIALIZED_AUTOS = YES_AGGRESSIVE;
				GCC_WARN_UNUSED_FUNCTION = YES;
				GCC_WARN_UNUSED_VARIABLE = YES;
				IPHONEOS_DEPLOYMENT_TARGET = 13.2;
				MTL_ENABLE_DEBUG_INFO = INCLUDE_SOURCE;
				MTL_FAST_MATH = YES;
				ONLY_ACTIVE_ARCH = YES;
				SDKROOT = iphoneos;
				SWIFT_ACTIVE_COMPILATION_CONDITIONS = DEBUG;
				SWIFT_OPTIMIZATION_LEVEL = "-Onone";
			};
			name = Debug;
		};
		6D608148237D3F580039C513 /* Release */ = {
			isa = XCBuildConfiguration;
			buildSettings = {
				ALWAYS_SEARCH_USER_PATHS = NO;
				CLANG_ANALYZER_NONNULL = YES;
				CLANG_ANALYZER_NUMBER_OBJECT_CONVERSION = YES_AGGRESSIVE;
				CLANG_CXX_LANGUAGE_STANDARD = "gnu++14";
				CLANG_CXX_LIBRARY = "libc++";
				CLANG_ENABLE_MODULES = YES;
				CLANG_ENABLE_OBJC_ARC = YES;
				CLANG_ENABLE_OBJC_WEAK = YES;
				CLANG_WARN_BLOCK_CAPTURE_AUTORELEASING = YES;
				CLANG_WARN_BOOL_CONVERSION = YES;
				CLANG_WARN_COMMA = YES;
				CLANG_WARN_CONSTANT_CONVERSION = YES;
				CLANG_WARN_DEPRECATED_OBJC_IMPLEMENTATIONS = YES;
				CLANG_WARN_DIRECT_OBJC_ISA_USAGE = YES_ERROR;
				CLANG_WARN_DOCUMENTATION_COMMENTS = YES;
				CLANG_WARN_EMPTY_BODY = YES;
				CLANG_WARN_ENUM_CONVERSION = YES;
				CLANG_WARN_INFINITE_RECURSION = YES;
				CLANG_WARN_INT_CONVERSION = YES;
				CLANG_WARN_NON_LITERAL_NULL_CONVERSION = YES;
				CLANG_WARN_OBJC_IMPLICIT_RETAIN_SELF = YES;
				CLANG_WARN_OBJC_LITERAL_CONVERSION = YES;
				CLANG_WARN_OBJC_ROOT_CLASS = YES_ERROR;
				CLANG_WARN_RANGE_LOOP_ANALYSIS = YES;
				CLANG_WARN_STRICT_PROTOTYPES = YES;
				CLANG_WARN_SUSPICIOUS_MOVE = YES;
				CLANG_WARN_UNGUARDED_AVAILABILITY = YES_AGGRESSIVE;
				CLANG_WARN_UNREACHABLE_CODE = YES;
				CLANG_WARN__DUPLICATE_METHOD_MATCH = YES;
				COPY_PHASE_STRIP = NO;
				DEBUG_INFORMATION_FORMAT = "dwarf-with-dsym";
				ENABLE_NS_ASSERTIONS = NO;
				ENABLE_STRICT_OBJC_MSGSEND = YES;
				GCC_C_LANGUAGE_STANDARD = gnu11;
				GCC_NO_COMMON_BLOCKS = YES;
				GCC_WARN_64_TO_32_BIT_CONVERSION = YES;
				GCC_WARN_ABOUT_RETURN_TYPE = YES_ERROR;
				GCC_WARN_UNDECLARED_SELECTOR = YES;
				GCC_WARN_UNINITIALIZED_AUTOS = YES_AGGRESSIVE;
				GCC_WARN_UNUSED_FUNCTION = YES;
				GCC_WARN_UNUSED_VARIABLE = YES;
				IPHONEOS_DEPLOYMENT_TARGET = 13.2;
				MTL_ENABLE_DEBUG_INFO = NO;
				MTL_FAST_MATH = YES;
				SDKROOT = iphoneos;
				SWIFT_COMPILATION_MODE = wholemodule;
				SWIFT_OPTIMIZATION_LEVEL = "-O";
				VALIDATE_PRODUCT = YES;
			};
			name = Release;
		};
		6D60814A237D3F580039C513 /* Debug */ = {
			isa = XCBuildConfiguration;
			baseConfigurationReference = 72AEF2807E4965DF5F14C5DB /* Pods-Lec9.debug.xcconfig */;
			buildSettings = {
				ASSETCATALOG_COMPILER_APPICON_NAME = AppIcon;
				CODE_SIGN_STYLE = Automatic;
				INFOPLIST_FILE = Lec9/Info.plist;
				LD_RUNPATH_SEARCH_PATHS = (
					"$(inherited)",
					"@executable_path/Frameworks",
				);
				PRODUCT_BUNDLE_IDENTIFIER = com.hackeru.Lec9;
				PRODUCT_NAME = "$(TARGET_NAME)";
				SWIFT_VERSION = 5.0;
				TARGETED_DEVICE_FAMILY = "1,2";
			};
			name = Debug;
		};
		6D60814B237D3F580039C513 /* Release */ = {
			isa = XCBuildConfiguration;
			baseConfigurationReference = F17CB14E83EA8790A6AD0E17 /* Pods-Lec9.release.xcconfig */;
			buildSettings = {
				ASSETCATALOG_COMPILER_APPICON_NAME = AppIcon;
				CODE_SIGN_STYLE = Automatic;
				INFOPLIST_FILE = Lec9/Info.plist;
				LD_RUNPATH_SEARCH_PATHS = (
					"$(inherited)",
					"@executable_path/Frameworks",
				);
				PRODUCT_BUNDLE_IDENTIFIER = com.hackeru.Lec9;
				PRODUCT_NAME = "$(TARGET_NAME)";
				SWIFT_VERSION = 5.0;
				TARGETED_DEVICE_FAMILY = "1,2";
			};
			name = Release;
		};
/* End XCBuildConfiguration section */

/* Begin XCConfigurationList section */
		6D608130237D3F550039C513 /* Build configuration list for PBXProject "Lec9" */ = {
			isa = XCConfigurationList;
			buildConfigurations = (
				6D608147237D3F580039C513 /* Debug */,
				6D608148237D3F580039C513 /* Release */,
			);
			defaultConfigurationIsVisible = 0;
			defaultConfigurationName = Release;
		};
		6D608149237D3F580039C513 /* Build configuration list for PBXNativeTarget "Lec9" */ = {
			isa = XCConfigurationList;
			buildConfigurations = (
				6D60814A237D3F580039C513 /* Debug */,
				6D60814B237D3F580039C513 /* Release */,
			);
			defaultConfigurationIsVisible = 0;
			defaultConfigurationName = Release;
		};
/* End XCConfigurationList section */
	};
	rootObject = 6D60812D237D3F550039C513 /* Project object */;
}
